
Microsoft Visual Studio Solution File, Format Version 12.00
# Visual Studio Version 17
VisualStudioVersion = 17.14.36623.8 d17.14
MinimumVisualStudioVersion = 10.0.40219.1
Project("{FAE04EC0-301F-11D3-BF4B-00C04F79EFBC}") = "ScreenWebApp", "ScreenWebApp\ScreenWebApp.csproj", "{1F3147EF-60AB-44FA-A15F-3644C061D993}"
EndProject
Global
	GlobalSection(SolutionConfigurationPlatforms) = preSolution
		Debug|Any CPU = Debug|Any CPU
		Release|Any CPU = Release|Any CPU
	EndGlobalSection
	GlobalSection(ProjectConfigurationPlatforms) = postSolution
		{1F3147EF-60AB-44FA-A15F-3644C061D993}.Debug|Any CPU.ActiveCfg = Debug|Any CPU
		{1F3147EF-60AB-44FA-A15F-3644C061D993}.Debug|Any CPU.Build.0 = Debug|Any CPU
		{1F3147EF-60AB-44FA-A15F-3644C061D993}.Release|Any CPU.ActiveCfg = Release|Any CPU
		{1F3147EF-60AB-44FA-A15F-3644C061D993}.Release|Any CPU.Build.0 = Release|Any CPU
	EndGlobalSection
	GlobalSection(SolutionProperties) = preSolution
		HideSolutionNode = FALSE
	EndGlobalSection
	GlobalSection(ExtensibilityGlobals) = postSolution
		SolutionGuid = {A2EA8815-3397-49BE-BA22-8F38D2C5449F}
	EndGlobalSection
EndGlobal
